
Microsoft Visual Studio Solution File, Format Version 12.00
# Visual Studio Version 17
VisualStudioVersion = 17.6.33829.357
MinimumVisualStudioVersion = 10.0.40219.1
Project("{FAE04EC0-301F-11D3-BF4B-00C04F79EFBC}") = "AboutMyEnvironment", "AboutMyEnvironment.csproj", "{378F37A2-F850-463C-BD6F-10540B60B00B}"
EndProject
Global
	GlobalSection(SolutionConfigurationPlatforms) = preSolution
		Debug|Any CPU = Debug|Any CPU
		Release|Any CPU = Release|Any CPU
	EndGlobalSection
	GlobalSection(ProjectConfigurationPlatforms) = postSolution
		{378F37A2-F850-463C-BD6F-10540B60B00B}.Debug|Any CPU.ActiveCfg = Debug|Any CPU
		{378F37A2-F850-463C-BD6F-10540B60B00B}.Debug|Any CPU.Build.0 = Debug|Any CPU
		{378F37A2-F850-463C-BD6F-10540B60B00B}.Release|Any CPU.ActiveCfg = Release|Any CPU
		{378F37A2-F850-463C-BD6F-10540B60B00B}.Release|Any CPU.Build.0 = Release|Any CPU
	EndGlobalSection
	GlobalSection(SolutionProperties) = preSolution
		HideSolutionNode = FALSE
	EndGlobalSection
	GlobalSection(ExtensibilityGlobals) = postSolution
		SolutionGuid = {D544370D-C7BC-4B47-9C8D-777B68D2E46C}
	EndGlobalSection
EndGlobal
