
Microsoft Visual Studio Solution File, Format Version 12.00
# Visual Studio Version 17
VisualStudioVersion = 17.6.33829.357
MinimumVisualStudioVersion = 10.0.40219.1
Project("{F2A71F9B-5D33-465A-A702-920D77279786}") = "ExploringConsole", "ExploringConsole.fsproj", "{83146282-E0A5-4769-B6CC-0B482F0F7FED}"
EndProject
Global
	GlobalSection(SolutionConfigurationPlatforms) = preSolution
		Debug|Any CPU = Debug|Any CPU
		Release|Any CPU = Release|Any CPU
	EndGlobalSection
	GlobalSection(ProjectConfigurationPlatforms) = postSolution
		{83146282-E0A5-4769-B6CC-0B482F0F7FED}.Debug|Any CPU.ActiveCfg = Debug|Any CPU
		{83146282-E0A5-4769-B6CC-0B482F0F7FED}.Debug|Any CPU.Build.0 = Debug|Any CPU
		{83146282-E0A5-4769-B6CC-0B482F0F7FED}.Release|Any CPU.ActiveCfg = Release|Any CPU
		{83146282-E0A5-4769-B6CC-0B482F0F7FED}.Release|Any CPU.Build.0 = Release|Any CPU
	EndGlobalSection
	GlobalSection(SolutionProperties) = preSolution
		HideSolutionNode = FALSE
	EndGlobalSection
	GlobalSection(ExtensibilityGlobals) = postSolution
		SolutionGuid = {5AC8B4F1-1D61-4840-B119-D390169432F4}
	EndGlobalSection
EndGlobal
